
Microsoft Visual Studio Solution File, Format Version 12.00
# Visual Studio Version 16
VisualStudioVersion = 16.0.30621.155
MinimumVisualStudioVersion = 10.0.40219.1
Project("{FAE04EC0-301F-11D3-BF4B-00C04F79EFBC}") = "PaymentSystem.Server", "PaymentSystem\Server\PaymentSystem.Server.csproj", "{8532B187-F1EE-45D6-A07A-549B7BE66AD9}"
EndProject
Project("{FAE04EC0-301F-11D3-BF4B-00C04F79EFBC}") = "PaymentSystem.Client", "PaymentSystem\Client\PaymentSystem.Client.csproj", "{D0715931-6BF7-43FA-94FE-E3715A7E2840}"
EndProject
Project("{FAE04EC0-301F-11D3-BF4B-00C04F79EFBC}") = "PaymentSystem.Shared", "PaymentSystem\Shared\PaymentSystem.Shared.csproj", "{CCB2F48A-0AE8-406D-A5EE-F2F0A08E9EA4}"
EndProject
Global
	GlobalSection(SolutionConfigurationPlatforms) = preSolution
		Debug|Any CPU = Debug|Any CPU
		Release|Any CPU = Release|Any CPU
	EndGlobalSection
	GlobalSection(ProjectConfigurationPlatforms) = postSolution
		{8532B187-F1EE-45D6-A07A-549B7BE66AD9}.Debug|Any CPU.ActiveCfg = Debug|Any CPU
		{8532B187-F1EE-45D6-A07A-549B7BE66AD9}.Debug|Any CPU.Build.0 = Debug|Any CPU
		{8532B187-F1EE-45D6-A07A-549B7BE66AD9}.Release|Any CPU.ActiveCfg = Release|Any CPU
		{8532B187-F1EE-45D6-A07A-549B7BE66AD9}.Release|Any CPU.Build.0 = Release|Any CPU
		{D0715931-6BF7-43FA-94FE-E3715A7E2840}.Debug|Any CPU.ActiveCfg = Debug|Any CPU
		{D0715931-6BF7-43FA-94FE-E3715A7E2840}.Debug|Any CPU.Build.0 = Debug|Any CPU
		{D0715931-6BF7-43FA-94FE-E3715A7E2840}.Release|Any CPU.ActiveCfg = Release|Any CPU
		{D0715931-6BF7-43FA-94FE-E3715A7E2840}.Release|Any CPU.Build.0 = Release|Any CPU
		{CCB2F48A-0AE8-406D-A5EE-F2F0A08E9EA4}.Debug|Any CPU.ActiveCfg = Debug|Any CPU
		{CCB2F48A-0AE8-406D-A5EE-F2F0A08E9EA4}.Debug|Any CPU.Build.0 = Debug|Any CPU
		{CCB2F48A-0AE8-406D-A5EE-F2F0A08E9EA4}.Release|Any CPU.ActiveCfg = Release|Any CPU
		{CCB2F48A-0AE8-406D-A5EE-F2F0A08E9EA4}.Release|Any CPU.Build.0 = Release|Any CPU
	EndGlobalSection
	GlobalSection(SolutionProperties) = preSolution
		HideSolutionNode = FALSE
	EndGlobalSection
	GlobalSection(ExtensibilityGlobals) = postSolution
		SolutionGuid = {24428F49-1F0A-43C0-B888-A1126727C2DB}
	EndGlobalSection
EndGlobal
