
Microsoft Visual Studio Solution File, Format Version 12.00
# Visual Studio Version 16
VisualStudioVersion = 16.0.30621.155
MinimumVisualStudioVersion = 10.0.40219.1
Project("{9A19103F-16F7-4668-BE54-9A1E7A4F7556}") = "PaymentSystem.Server", "PaymentSystem\Server\PaymentSystem.Server.csproj", "{8532B187-F1EE-45D6-A07A-549B7BE66AD9}"
EndProject
Project("{9A19103F-16F7-4668-BE54-9A1E7A4F7556}") = "PaymentSystem.Client", "PaymentSystem\Client\PaymentSystem.Client.csproj", "{D0715931-6BF7-43FA-94FE-E3715A7E2840}"
EndProject
Project("{9A19103F-16F7-4668-BE54-9A1E7A4F7556}") = "PaymentSystem.Shared", "PaymentSystem\Shared\PaymentSystem.Shared.csproj", "{CCB2F48A-0AE8-406D-A5EE-F2F0A08E9EA4}"
EndProject
Project("{9A19103F-16F7-4668-BE54-9A1E7A4F7556}") = "PaymentSystem.Server.UnitTests", "PaymentSystem.Server.UnitTests\PaymentSystem.Server.UnitTests.csproj", "{445B2AA2-0773-46A7-AC97-F7AEBE178E6C}"
EndProject
Global
	GlobalSection(SolutionConfigurationPlatforms) = preSolution
		Debug|Any CPU = Debug|Any CPU
		Release|Any CPU = Release|Any CPU
	EndGlobalSection
	GlobalSection(ProjectConfigurationPlatforms) = postSolution
		{8532B187-F1EE-45D6-A07A-549B7BE66AD9}.Debug|Any CPU.ActiveCfg = Debug|Any CPU
		{8532B187-F1EE-45D6-A07A-549B7BE66AD9}.Debug|Any CPU.Build.0 = Debug|Any CPU
		{8532B187-F1EE-45D6-A07A-549B7BE66AD9}.Release|Any CPU.ActiveCfg = Release|Any CPU
		{8532B187-F1EE-45D6-A07A-549B7BE66AD9}.Release|Any CPU.Build.0 = Release|Any CPU
		{D0715931-6BF7-43FA-94FE-E3715A7E2840}.Debug|Any CPU.ActiveCfg = Debug|Any CPU
		{D0715931-6BF7-43FA-94FE-E3715A7E2840}.Debug|Any CPU.Build.0 = Debug|Any CPU
		{D0715931-6BF7-43FA-94FE-E3715A7E2840}.Release|Any CPU.ActiveCfg = Release|Any CPU
		{D0715931-6BF7-43FA-94FE-E3715A7E2840}.Release|Any CPU.Build.0 = Release|Any CPU
		{CCB2F48A-0AE8-406D-A5EE-F2F0A08E9EA4}.Debug|Any CPU.ActiveCfg = Debug|Any CPU
		{CCB2F48A-0AE8-406D-A5EE-F2F0A08E9EA4}.Debug|Any CPU.Build.0 = Debug|Any CPU
		{CCB2F48A-0AE8-406D-A5EE-F2F0A08E9EA4}.Release|Any CPU.ActiveCfg = Release|Any CPU
		{CCB2F48A-0AE8-406D-A5EE-F2F0A08E9EA4}.Release|Any CPU.Build.0 = Release|Any CPU
		{445B2AA2-0773-46A7-AC97-F7AEBE178E6C}.Debug|Any CPU.ActiveCfg = Debug|Any CPU
		{445B2AA2-0773-46A7-AC97-F7AEBE178E6C}.Debug|Any CPU.Build.0 = Debug|Any CPU
		{445B2AA2-0773-46A7-AC97-F7AEBE178E6C}.Release|Any CPU.ActiveCfg = Release|Any CPU
		{445B2AA2-0773-46A7-AC97-F7AEBE178E6C}.Release|Any CPU.Build.0 = Release|Any CPU
	EndGlobalSection
	GlobalSection(SolutionProperties) = preSolution
		HideSolutionNode = FALSE
	EndGlobalSection
	GlobalSection(ExtensibilityGlobals) = postSolution
		SolutionGuid = {24428F49-1F0A-43C0-B888-A1126727C2DB}
	EndGlobalSection
EndGlobal
